{
  "name": "ios.thesystem.at",
  "version": "0.0.1",
  "lockfileVersion": 1,
  "requires": true,
  "dependencies": {
    "@grundstein/commons": {
      "version": "github:grundstein/commons#56d187e2959da2b8f96e1313a57335cad12a50b9",
      "from": "github:grundstein/commons",
      "dev": true,
      "requires": {
        "@magic/cli": "0.0.28",
        "@magic/error": "0.0.6",
        "@magic/fs": "0.0.7",
        "@magic/log": "0.1.5",
        "@magic/types": "0.1.13"
      }
    },
    "@grundstein/gss": {
      "version": "github:grundstein/gss#e72d78d993cd496cd88d615b75559084a92934c3",
      "from": "github:grundstein/gss",
      "dev": true,
      "requires": {
        "@grundstein/commons": "github:grundstein/commons",
        "@magic/cli": "0.0.28"
      }
    },
    "@magic/cases": {
      "version": "0.0.3",
      "resolved": "https://registry.npmjs.org/@magic/cases/-/cases-0.0.3.tgz",
      "integrity": "sha512-yXTVY0oZUs23l5EZYHtFgCISrDSo+XI1Pj0vBoIUzuL6ovngxynYbipHPHKqLQCTKGT8XLMhOd6fwWIUp/S7Uw==",
      "dev": true
    },
    "@magic/cli": {
      "version": "0.0.28",
      "resolved": "https://registry.npmjs.org/@magic/cli/-/cli-0.0.28.tgz",
      "integrity": "sha512-iZK2UHYCT/POnqOc1C86nFYyp+VIxy8V35OBAN4w2C0zwQfeK2RRXVje1Sik27HAfMsZO+MhSTeJx4cO2ne1fg==",
      "dev": true,
      "requires": {
        "@magic/cases": "0.0.3",
        "@magic/log": "0.1.5",
        "@magic/types": "0.1.12"
      },
      "dependencies": {
        "@magic/types": {
          "version": "0.1.12",
          "resolved": "https://registry.npmjs.org/@magic/types/-/types-0.1.12.tgz",
          "integrity": "sha512-m61sMW2CPaqDClWvyxjLHEV5VVjThEmL4XcNzfvk4GPToCRXV54fbQFfv6Q/n83CJNXPX6X3oCF6jlQ2X6/iVQ==",
          "dev": true
        }
      }
    },
    "@magic/deep": {
      "version": "0.1.3",
      "resolved": "https://registry.npmjs.org/@magic/deep/-/deep-0.1.3.tgz",
      "integrity": "sha512-QcDiHyAuYjXw7AOVhJc9sp9wP2kktNJUjgYO4BlsAWGjOPy5c2eyZxIkmmlxoF2cokQ0Mlfl6A84RVEzrfd1dQ==",
      "dev": true,
      "requires": {
        "@magic/types": "0.1.12"
      },
      "dependencies": {
        "@magic/types": {
          "version": "0.1.12",
          "resolved": "https://registry.npmjs.org/@magic/types/-/types-0.1.12.tgz",
          "integrity": "sha512-m61sMW2CPaqDClWvyxjLHEV5VVjThEmL4XcNzfvk4GPToCRXV54fbQFfv6Q/n83CJNXPX6X3oCF6jlQ2X6/iVQ==",
          "dev": true
        }
      }
    },
    "@magic/error": {
      "version": "0.0.6",
      "resolved": "https://registry.npmjs.org/@magic/error/-/error-0.0.6.tgz",
      "integrity": "sha512-JUvW13qpSP7wIvGnSvUsmX9OVJ4dlCKO+2EEQWePHnlKa96Q+mBDGEsO8JvfoVm2htsTz2TKwGrwWdUu35qy1A==",
      "dev": true,
      "requires": {
        "@magic/types": "0.1.12"
      },
      "dependencies": {
        "@magic/types": {
          "version": "0.1.12",
          "resolved": "https://registry.npmjs.org/@magic/types/-/types-0.1.12.tgz",
          "integrity": "sha512-m61sMW2CPaqDClWvyxjLHEV5VVjThEmL4XcNzfvk4GPToCRXV54fbQFfv6Q/n83CJNXPX6X3oCF6jlQ2X6/iVQ==",
          "dev": true
        }
      }
    },
    "@magic/fs": {
      "version": "0.0.7",
      "resolved": "https://registry.npmjs.org/@magic/fs/-/fs-0.0.7.tgz",
      "integrity": "sha512-aC5YIifE8daSTSLaZul6lpLDghwk6uMBGBPzpsVGNcJjIzHNceWunZf4Od1WhWo+o7P+b8LXAY2ZVjwr6KXZrA==",
      "dev": true,
      "requires": {
        "@magic/deep": "0.1.3",
        "@magic/error": "0.0.6",
        "@magic/mime-types": "0.0.3",
        "@magic/types": "0.1.13"
      }
    },
    "@magic/log": {
      "version": "0.1.5",
      "resolved": "https://registry.npmjs.org/@magic/log/-/log-0.1.5.tgz",
      "integrity": "sha512-hqH26Fb8qmRpFjfy1V47QqKpPAZq2rgiZ5lhW6l0xS7Rw0E7D4g7g6Qmno9A2jFXxz2ZWasD9K1PD3C19kldLw==",
      "dev": true,
      "requires": {
        "@magic/types": "0.1.12"
      },
      "dependencies": {
        "@magic/types": {
          "version": "0.1.12",
          "resolved": "https://registry.npmjs.org/@magic/types/-/types-0.1.12.tgz",
          "integrity": "sha512-m61sMW2CPaqDClWvyxjLHEV5VVjThEmL4XcNzfvk4GPToCRXV54fbQFfv6Q/n83CJNXPX6X3oCF6jlQ2X6/iVQ==",
          "dev": true
        }
      }
    },
    "@magic/mime-types": {
      "version": "0.0.3",
      "resolved": "https://registry.npmjs.org/@magic/mime-types/-/mime-types-0.0.3.tgz",
      "integrity": "sha512-Ygb+MTdljBA8AJE4l/UF75v+3eBr9Hp9B/P78TZI/8Ji2Tk2Aox+wkL7oqJsimujVj8xG07cpgZRu1XRTaOwAA==",
      "dev": true
    },
    "@magic/types": {
      "version": "0.1.13",
      "resolved": "https://registry.npmjs.org/@magic/types/-/types-0.1.13.tgz",
      "integrity": "sha512-q1Cs8qXWs6+3Qp2jgBYiWIx554ZrOY5E6EEsn2I0RcZXVk/XUiUJDvQR1drMTc7skvDBjIIdTJfX6tDOPOSIWw==",
      "dev": true
    }
  }
}
